
Microsoft Visual Studio Solution File, Format Version 12.00
# Visual Studio 2013
VisualStudioVersion = 12.0.21005.1
MinimumVisualStudioVersion = 10.0.40219.1
Project("{2150E333-8FDC-42A3-9474-1A3956D46DE8}") = "Solution Items", "Solution Items", "{36E9899F-FDBD-4F1C-AA47-53A69F184CBF}"
EndProject
Project("{FAE04EC0-301F-11D3-BF4B-00C04F79EFBC}") = "Logging", "Logging\Logging.csproj", "{1CFF5A4E-23AC-4961-BFD3-DDC742F38143}"
EndProject
Project("{FAE04EC0-301F-11D3-BF4B-00C04F79EFBC}") = "LoggingTest", "LoggingTest\LoggingTest.csproj", "{95E26B4B-D28B-47D6-B57A-AA32A37263A5}"
EndProject
Global
	GlobalSection(TeamFoundationVersionControl) = preSolution
		SccNumberOfProjects = 3
		SccEnterpriseProvider = {4CA58AB2-18FA-4F8D-95D4-32DDF27D184C}
		SccTeamFoundationServer = http://chisptunit005:8080/tfs/web%20apps%20root
		SccProjectUniqueName0 = Logging\\Logging.csproj
		SccProjectName0 = Logging
		SccAuxPath0 = http://chisptunit005:8080/tfs/web%20apps%20root
		SccLocalPath0 = Logging
		SccProvider0 = {4CA58AB2-18FA-4F8D-95D4-32DDF27D184C}
		SccProjectUniqueName1 = ServiceInterface\\ServiceInterface.csproj
		SccProjectName1 = ServiceInterface
		SccAuxPath1 = http://chisptunit005:8080/tfs/web%20apps%20root
		SccLocalPath1 = ServiceInterface
		SccProvider1 = {4CA58AB2-18FA-4F8D-95D4-32DDF27D184C}
		SccProjectUniqueName2 = SharePoint\\SharePoint.csproj
		SccProjectName2 = SharePoint
		SccAuxPath2 = http://chisptunit005:8080/tfs/web%20apps%20root
		SccLocalPath2 = SharePoint
		SccProvider2 = {4CA58AB2-18FA-4F8D-95D4-32DDF27D184C}
	EndGlobalSection
	GlobalSection(SolutionConfigurationPlatforms) = preSolution
		Debug|Any CPU = Debug|Any CPU
		Release|Any CPU = Release|Any CPU
	EndGlobalSection
	GlobalSection(ProjectConfigurationPlatforms) = postSolution
		{1CFF5A4E-23AC-4961-BFD3-DDC742F38143}.Debug|Any CPU.ActiveCfg = Debug|Any CPU
		{1CFF5A4E-23AC-4961-BFD3-DDC742F38143}.Debug|Any CPU.Build.0 = Debug|Any CPU
		{1CFF5A4E-23AC-4961-BFD3-DDC742F38143}.Release|Any CPU.ActiveCfg = Release|Any CPU
		{1CFF5A4E-23AC-4961-BFD3-DDC742F38143}.Release|Any CPU.Build.0 = Release|Any CPU
		{95E26B4B-D28B-47D6-B57A-AA32A37263A5}.Debug|Any CPU.ActiveCfg = Debug|Any CPU
		{95E26B4B-D28B-47D6-B57A-AA32A37263A5}.Debug|Any CPU.Build.0 = Debug|Any CPU
		{95E26B4B-D28B-47D6-B57A-AA32A37263A5}.Release|Any CPU.ActiveCfg = Release|Any CPU
		{95E26B4B-D28B-47D6-B57A-AA32A37263A5}.Release|Any CPU.Build.0 = Release|Any CPU
	EndGlobalSection
	GlobalSection(SolutionProperties) = preSolution
		HideSolutionNode = FALSE
	EndGlobalSection
	GlobalSection(TestCaseManagementSettings) = postSolution
		CategoryFile = ..\CHI Enterprise\VS2010_Enterprice.vsmdi
	EndGlobalSection
EndGlobal
